
Microsoft Visual Studio Solution File, Format Version 12.00
# Visual Studio Version 17
VisualStudioVersion = 17.7.34221.43
MinimumVisualStudioVersion = 10.0.40219.1
Project("{FAE04EC0-301F-11D3-BF4B-00C04F79EFBC}") = "Assignment25", "Assignment25\Assignment25.csproj", "{718230D4-7308-48B7-984E-F1F2FA9B79FF}"
EndProject
Global
	GlobalSection(SolutionConfigurationPlatforms) = preSolution
		Debug|Any CPU = Debug|Any CPU
		Release|Any CPU = Release|Any CPU
	EndGlobalSection
	GlobalSection(ProjectConfigurationPlatforms) = postSolution
		{718230D4-7308-48B7-984E-F1F2FA9B79FF}.Debug|Any CPU.ActiveCfg = Debug|Any CPU
		{718230D4-7308-48B7-984E-F1F2FA9B79FF}.Debug|Any CPU.Build.0 = Debug|Any CPU
		{718230D4-7308-48B7-984E-F1F2FA9B79FF}.Release|Any CPU.ActiveCfg = Release|Any CPU
		{718230D4-7308-48B7-984E-F1F2FA9B79FF}.Release|Any CPU.Build.0 = Release|Any CPU
	EndGlobalSection
	GlobalSection(SolutionProperties) = preSolution
		HideSolutionNode = FALSE
	EndGlobalSection
	GlobalSection(ExtensibilityGlobals) = postSolution
		SolutionGuid = {2FE44E59-25F6-45B7-A7C4-93291C58069B}
	EndGlobalSection
EndGlobal
