
Microsoft Visual Studio Solution File, Format Version 12.00
# Visual Studio Version 17
VisualStudioVersion = 17.7.34221.43
MinimumVisualStudioVersion = 10.0.40219.1
Project("{FAE04EC0-301F-11D3-BF4B-00C04F79EFBC}") = "MySharedLibrary", "MySharedLibrary\MySharedLibrary.csproj", "{94875629-53E2-478C-ADFB-6BB3E5807FEC}"
EndProject
Global
	GlobalSection(SolutionConfigurationPlatforms) = preSolution
		Debug|Any CPU = Debug|Any CPU
		Release|Any CPU = Release|Any CPU
	EndGlobalSection
	GlobalSection(ProjectConfigurationPlatforms) = postSolution
		{94875629-53E2-478C-ADFB-6BB3E5807FEC}.Debug|Any CPU.ActiveCfg = Debug|Any CPU
		{94875629-53E2-478C-ADFB-6BB3E5807FEC}.Debug|Any CPU.Build.0 = Debug|Any CPU
		{94875629-53E2-478C-ADFB-6BB3E5807FEC}.Release|Any CPU.ActiveCfg = Release|Any CPU
		{94875629-53E2-478C-ADFB-6BB3E5807FEC}.Release|Any CPU.Build.0 = Release|Any CPU
	EndGlobalSection
	GlobalSection(SolutionProperties) = preSolution
		HideSolutionNode = FALSE
	EndGlobalSection
	GlobalSection(ExtensibilityGlobals) = postSolution
		SolutionGuid = {25A2AEDE-7D81-4BAF-B48D-D9B9949CA8F1}
	EndGlobalSection
EndGlobal
